{
  "version": 4,
  "terraform_version": "1.0.11",
  "serial": 8,
  "lineage": "5bfdc043-85a5-1209-1fcc-dd7c8948c7ba",
  "outputs": {
    "kubernetes_cluster_host": {
      "value": "35.228.47.21",
      "type": "string"
    },
    "kubernetes_cluster_name": {
      "value": "livepersonassignment-gke",
      "type": "string"
    },
    "project_id": {
      "value": "livepersonassignment",
      "type": "string"
    },
    "region": {
      "value": "europe-north1",
      "type": "string"
    }
  },
  "resources": [
    {
      "mode": "managed",
      "type": "google_compute_network",
      "name": "vpc",
      "provider": "provider[\"registry.terraform.io/hashicorp/google\"]",
      "instances": [
        {
          "schema_version": 0,
          "attributes": {
            "auto_create_subnetworks": false,
            "delete_default_routes_on_create": false,
            "description": "",
            "gateway_ipv4": "",
            "id": "projects/livepersonassignment/global/networks/livepersonassignment-vpc",
            "mtu": 0,
            "name": "livepersonassignment-vpc",
            "project": "livepersonassignment",
            "routing_mode": "REGIONAL",
            "self_link": "https://www.googleapis.com/compute/v1/projects/livepersonassignment/global/networks/livepersonassignment-vpc",
            "timeouts": null
          },
          "sensitive_attributes": [],
          "private": "eyJlMmJmYjczMC1lY2FhLTExZTYtOGY4OC0zNDM2M2JjN2M0YzAiOnsiY3JlYXRlIjoyNDAwMDAwMDAwMDAsImRlbGV0ZSI6MjQwMDAwMDAwMDAwLCJ1cGRhdGUiOjI0MDAwMDAwMDAwMH19"
        }
      ]
    },
    {
      "mode": "managed",
      "type": "google_compute_subnetwork",
      "name": "subnet",
      "provider": "provider[\"registry.terraform.io/hashicorp/google\"]",
      "instances": [
        {
          "schema_version": 0,
          "attributes": {
            "creation_timestamp": "2021-11-22T04:23:44.923-08:00",
            "description": "",
            "fingerprint": null,
            "gateway_address": "10.10.0.1",
            "id": "projects/livepersonassignment/regions/europe-north1/subnetworks/livepersonassignment-subnet",
            "ip_cidr_range": "10.10.0.0/24",
            "log_config": [],
            "name": "livepersonassignment-subnet",
            "network": "https://www.googleapis.com/compute/v1/projects/livepersonassignment/global/networks/livepersonassignment-vpc",
            "private_ip_google_access": false,
            "private_ipv6_google_access": "DISABLE_GOOGLE_ACCESS",
            "project": "livepersonassignment",
            "region": "europe-north1",
            "secondary_ip_range": [],
            "self_link": "https://www.googleapis.com/compute/v1/projects/livepersonassignment/regions/europe-north1/subnetworks/livepersonassignment-subnet",
            "timeouts": null
          },
          "sensitive_attributes": [],
          "private": "eyJlMmJmYjczMC1lY2FhLTExZTYtOGY4OC0zNDM2M2JjN2M0YzAiOnsiY3JlYXRlIjozNjAwMDAwMDAwMDAsImRlbGV0ZSI6MzYwMDAwMDAwMDAwLCJ1cGRhdGUiOjM2MDAwMDAwMDAwMH19",
          "dependencies": [
            "google_compute_network.vpc"
          ]
        }
      ]
    },
    {
      "mode": "managed",
      "type": "google_container_cluster",
      "name": "primary",
      "provider": "provider[\"registry.terraform.io/hashicorp/google\"]",
      "instances": [
        {
          "schema_version": 1,
          "attributes": {
            "addons_config": [
              {
                "cloudrun_config": [],
                "horizontal_pod_autoscaling": [],
                "http_load_balancing": [],
                "network_policy_config": [
                  {
                    "disabled": true
                  }
                ]
              }
            ],
            "authenticator_groups_config": [],
            "cluster_autoscaling": [
              {
                "auto_provisioning_defaults": [],
                "enabled": false,
                "resource_limits": []
              }
            ],
            "cluster_ipv4_cidr": "10.48.0.0/14",
            "database_encryption": [
              {
                "key_name": "",
                "state": "DECRYPTED"
              }
            ],
            "default_max_pods_per_node": 110,
            "description": "",
            "enable_binary_authorization": false,
            "enable_intranode_visibility": null,
            "enable_kubernetes_alpha": false,
            "enable_legacy_abac": false,
            "enable_shielded_nodes": false,
            "enable_tpu": null,
            "endpoint": "35.228.47.21",
            "id": "projects/livepersonassignment/locations/europe-north1/clusters/livepersonassignment-gke",
            "initial_node_count": 1,
            "instance_group_urls": [],
            "ip_allocation_policy": [
              {
                "cluster_ipv4_cidr_block": "10.48.0.0/14",
                "cluster_secondary_range_name": "gke-livepersonassignment-gke-pods-10a45cf6",
                "services_ipv4_cidr_block": "10.52.0.0/20",
                "services_secondary_range_name": "gke-livepersonassignment-gke-services-10a45cf6"
              }
            ],
            "label_fingerprint": "a9dc16a7",
            "location": "europe-north1",
            "logging_service": "logging.googleapis.com/kubernetes",
            "maintenance_policy": [],
            "master_auth": [
              {
                "client_certificate": "",
                "client_certificate_config": [
                  {
                    "issue_client_certificate": false
                  }
                ],
                "client_key": "",
                "cluster_ca_certificate": "LS0tLS1CRUdJTiBDRVJUSUZJQ0FURS0tLS0tCk1JSUVMVENDQXBXZ0F3SUJBZ0lSQUtKNzM0NFlFWVpubzVoQWN3MWtIV293RFFZSktvWklodmNOQVFFTEJRQXcKTHpFdE1Dc0dBMVVFQXhNa1pXVTNNREF5T1RJdFpXVXhOQzAwTlRWaExXSXdNRGd0TnpCaVpqZGhNV1k0T0RWaQpNQ0FYRFRJeE1URXlNakV4TWprd05sb1lEekl3TlRFeE1URTFNVEl5T1RBMldqQXZNUzB3S3dZRFZRUURFeVJsClpUY3dNREk1TWkxbFpURTBMVFExTldFdFlqQXdPQzAzTUdKbU4yRXhaamc0TldJd2dnR2lNQTBHQ1NxR1NJYjMKRFFFQkFRVUFBNElCandBd2dnR0tBb0lCZ1FDaWd4TzdYc0dySm42MmcrSDJDTzlkV3VJVkthQnNEeFhFQ2w3UgowelVtNDZTR0kzczVaRHVNRGR1Y0N0cXE5ckpTVUpTeGFVSUo3eTd6dWR0Z3JyM3JCb2JqQWNmRk9pbDRpR0RkClhuSjZlMDM2WDdPa0dWYnVRcnNiYmV4VGJvWHVjMFBXWE5zY0FJQ2ZwRHBRdzcwTlNNaHhrYmZNUDhSOE9mcVYKMVFCMVJ0MVdOZWZPbHlYR0s2NlZ1SkJuY29FcnFBNFdzQmI2b2dDV3ZDR20rZzRxZzJ1cmwyc3ZZUTdRM0JicApTNGk2Nis1bU5CWjRTZGlIa3dEU2FpWkFNSGNndFRiUnE0VXpkU2kvUXVMZTFFZG1XMzlXdEVTUGZJZXcyWkFLCjErVTNNK3RFaFJYY1ZCOUZRc283VTVZT2RCSG5kT1RHc3k4aGFnTysrZGIzazdaSERqbE8xb3ZHSm4vbjlmU0YKa2diS0ZBc2ZaeFk0VUxzNzJ5L2lBY2dhbFpwZ1JWUzV0Y0NNcEN1ZWk2bWlxVVFlSDR4VnU1VkVveVduR2VpZgpja0QrRGlVTDV3aTcrcWh0enprNTVaK0dHaVVaSlRWR3NBWUxZV2pISjA1eVFjVEVxU00wVXoxMzEraFFsMUtXCjJ5WjI4WmVNbEtTd25mM2hDY2RJUFdlNHNoc0NBd0VBQWFOQ01FQXdEZ1lEVlIwUEFRSC9CQVFEQWdJRU1BOEcKQTFVZEV3RUIvd1FGTUFNQkFmOHdIUVlEVlIwT0JCWUVGRk1NTEUza09FVWZqTzEya0o3UEk5RmxmT0E1TUEwRwpDU3FHU0liM0RRRUJDd1VBQTRJQmdRQ1J6TEt4NTYrZk10NmxncmhLdTBTdGdmUm5yYzNJakg5OElkeVJjZVJDCmNiR1ZYRUFWazhQQ2RXOHpVQ0RyUmQxUWdkckNhQzlVV1Q3MVZva2J5bnArd2tuZ0tCNjhhOEJ3L0JnaDF4TFEKbE5jU0VidlEraFNlNEZEQnNWQk51aWUvdGVQRllPZWVPdFM5RjFqS1N0MW5yS3Zlc2xXZnRFMFU2dThkUWJWMQo0VlpEZlB3RklmcWV0aU1zalN2aWFNZTRWNEc2dTN5eTRJZ2dpaERVbHhDeU5lYmZ3bVNOd3lYV0JTV2FMc0duCnA2aStLZGZCdlJhZjdoMXFTdW1EcExPWnN0KzNQeXNraXY2VkNxQ2FXMko1WEFDTDNTcmkwM0JJT1RhTVk3TCsKR1h0Rnd1bnVkcDF0Z3pxeXNacjU2VWZEemY2TllURW9VemJBcllubDBXSWZ3bTJrd3RwR0ovYVEzc2FaOHpzZQpFQ0JGVWs2WXk3TUhIQ0M0MnZGNjJyS3NEUVJIeFVOU2FtMURuejlYVG1rNHQ1NzFwcU1sUkJQaTJ3YVZmRUM1CkZ3cnMxbVBnUURlaUJENHVENjl6dHNWVUx2QVRPQytyeGdMZnl3am10djJEN2EwMzVNSzdhZjBuWHZIMmdyaEgKUHdVMzIwNnFTbWU0em4yOW54amt6SlE9Ci0tLS0tRU5EIENFUlRJRklDQVRFLS0tLS0K",
                "password": "",
                "username": ""
              }
            ],
            "master_authorized_networks_config": [],
            "master_version": "1.21.5-gke.1302",
            "min_master_version": null,
            "monitoring_service": "monitoring.googleapis.com/kubernetes",
            "name": "livepersonassignment-gke",
            "network": "projects/livepersonassignment/global/networks/livepersonassignment-vpc",
            "network_policy": [
              {
                "enabled": false,
                "provider": "PROVIDER_UNSPECIFIED"
              }
            ],
            "node_config": [],
            "node_locations": [
              "europe-north1-a",
              "europe-north1-b",
              "europe-north1-c"
            ],
            "node_pool": [],
            "node_version": "1.21.5-gke.1302",
            "operation": null,
            "pod_security_policy_config": [],
            "private_cluster_config": [],
            "project": "livepersonassignment",
            "release_channel": [
              {
                "channel": "REGULAR"
              }
            ],
            "remove_default_node_pool": true,
            "resource_labels": null,
            "resource_usage_export_config": [],
            "self_link": "https://container.googleapis.com/v1beta1/projects/livepersonassignment/locations/europe-north1/clusters/livepersonassignment-gke",
            "services_ipv4_cidr": "10.52.0.0/20",
            "subnetwork": "projects/livepersonassignment/regions/europe-north1/subnetworks/livepersonassignment-subnet",
            "timeouts": null,
            "vertical_pod_autoscaling": [],
            "workload_identity_config": []
          },
          "sensitive_attributes": [],
          "private": "eyJlMmJmYjczMC1lY2FhLTExZTYtOGY4OC0zNDM2M2JjN2M0YzAiOnsiY3JlYXRlIjoyNDAwMDAwMDAwMDAwLCJkZWxldGUiOjI0MDAwMDAwMDAwMDAsInJlYWQiOjI0MDAwMDAwMDAwMDAsInVwZGF0ZSI6MzYwMDAwMDAwMDAwMH0sInNjaGVtYV92ZXJzaW9uIjoiMSJ9",
          "dependencies": [
            "google_compute_network.vpc",
            "google_compute_subnetwork.subnet"
          ]
        }
      ]
    },
    {
      "mode": "managed",
      "type": "google_container_node_pool",
      "name": "primary_nodes",
      "provider": "provider[\"registry.terraform.io/hashicorp/google\"]",
      "instances": [
        {
          "schema_version": 1,
          "attributes": {
            "autoscaling": [],
            "cluster": "livepersonassignment-gke",
            "id": "projects/livepersonassignment/locations/europe-north1/clusters/livepersonassignment-gke/nodePools/livepersonassignment-gke-node-pool",
            "initial_node_count": 2,
            "instance_group_urls": [
              "https://www.googleapis.com/compute/v1/projects/livepersonassignment/zones/europe-north1-a/instanceGroupManagers/gke-livepersonassign-livepersonassign-7ceae29a-grp",
              "https://www.googleapis.com/compute/v1/projects/livepersonassignment/zones/europe-north1-b/instanceGroupManagers/gke-livepersonassign-livepersonassign-64fd2583-grp",
              "https://www.googleapis.com/compute/v1/projects/livepersonassignment/zones/europe-north1-c/instanceGroupManagers/gke-livepersonassign-livepersonassign-cd429d9c-grp"
            ],
            "location": "europe-north1",
            "management": [
              {
                "auto_repair": true,
                "auto_upgrade": true
              }
            ],
            "max_pods_per_node": 110,
            "name": "livepersonassignment-gke-node-pool",
            "name_prefix": "",
            "node_config": [
              {
                "disk_size_gb": 100,
                "disk_type": "pd-standard",
                "guest_accelerator": [],
                "image_type": "COS_CONTAINERD",
                "labels": {
                  "env": "livepersonassignment"
                },
                "local_ssd_count": 0,
                "machine_type": "n1-standard-1",
                "metadata": {
                  "disable-legacy-endpoints": "true"
                },
                "min_cpu_platform": "",
                "oauth_scopes": [
                  "https://www.googleapis.com/auth/logging.write",
                  "https://www.googleapis.com/auth/monitoring"
                ],
                "preemptible": false,
                "service_account": "default",
                "shielded_instance_config": [
                  {
                    "enable_integrity_monitoring": true,
                    "enable_secure_boot": false
                  }
                ],
                "tags": [
                  "gke-node",
                  "livepersonassignment-gke"
                ],
                "taint": [],
                "workload_metadata_config": []
              }
            ],
            "node_count": 2,
            "node_locations": [
              "europe-north1-a",
              "europe-north1-b",
              "europe-north1-c"
            ],
            "project": "livepersonassignment",
            "timeouts": null,
            "upgrade_settings": [
              {
                "max_surge": 1,
                "max_unavailable": 0
              }
            ],
            "version": "1.21.5-gke.1302"
          },
          "sensitive_attributes": [],
          "private": "eyJlMmJmYjczMC1lY2FhLTExZTYtOGY4OC0zNDM2M2JjN2M0YzAiOnsiY3JlYXRlIjoxODAwMDAwMDAwMDAwLCJkZWxldGUiOjE4MDAwMDAwMDAwMDAsInVwZGF0ZSI6MTgwMDAwMDAwMDAwMH0sInNjaGVtYV92ZXJzaW9uIjoiMSJ9",
          "dependencies": [
            "google_compute_network.vpc",
            "google_compute_subnetwork.subnet",
            "google_container_cluster.primary"
          ]
        }
      ]
    }
  ]
}
