{
  "version": 4,
  "terraform_version": "1.0.11",
  "serial": 13,
  "lineage": "5bfdc043-85a5-1209-1fcc-dd7c8948c7ba",
  "outputs": {
    "kubernetes_cluster_host": {
      "value": "35.228.180.147",
      "type": "string"
    },
    "kubernetes_cluster_name": {
      "value": "livepersonassignment-gke",
      "type": "string"
    },
    "project_id": {
      "value": "livepersonassignment",
      "type": "string"
    },
    "region": {
      "value": "europe-north1",
      "type": "string"
    }
  },
  "resources": [
    {
      "mode": "managed",
      "type": "google_compute_network",
      "name": "vpc",
      "provider": "provider[\"registry.terraform.io/hashicorp/google\"]",
      "instances": [
        {
          "schema_version": 0,
          "attributes": {
            "auto_create_subnetworks": false,
            "delete_default_routes_on_create": false,
            "description": "",
            "gateway_ipv4": "",
            "id": "projects/livepersonassignment/global/networks/livepersonassignment-vpc",
            "mtu": 0,
            "name": "livepersonassignment-vpc",
            "project": "livepersonassignment",
            "routing_mode": "REGIONAL",
            "self_link": "https://www.googleapis.com/compute/v1/projects/livepersonassignment/global/networks/livepersonassignment-vpc",
            "timeouts": null
          },
          "sensitive_attributes": [],
          "private": "eyJlMmJmYjczMC1lY2FhLTExZTYtOGY4OC0zNDM2M2JjN2M0YzAiOnsiY3JlYXRlIjoyNDAwMDAwMDAwMDAsImRlbGV0ZSI6MjQwMDAwMDAwMDAwLCJ1cGRhdGUiOjI0MDAwMDAwMDAwMH19"
        }
      ]
    },
    {
      "mode": "managed",
      "type": "google_compute_subnetwork",
      "name": "subnet",
      "provider": "provider[\"registry.terraform.io/hashicorp/google\"]",
      "instances": [
        {
          "schema_version": 0,
          "attributes": {
            "creation_timestamp": "2021-11-22T11:00:46.214-08:00",
            "description": "",
            "external_ipv6_prefix": "",
            "fingerprint": null,
            "gateway_address": "10.10.0.1",
            "id": "projects/livepersonassignment/regions/europe-north1/subnetworks/livepersonassignment-subnet",
            "ip_cidr_range": "10.10.0.0/24",
            "ipv6_access_type": "",
            "ipv6_cidr_range": "",
            "log_config": [],
            "name": "livepersonassignment-subnet",
            "network": "https://www.googleapis.com/compute/v1/projects/livepersonassignment/global/networks/livepersonassignment-vpc",
            "private_ip_google_access": false,
            "private_ipv6_google_access": "DISABLE_GOOGLE_ACCESS",
            "project": "livepersonassignment",
            "purpose": "PRIVATE",
            "region": "europe-north1",
            "role": "",
            "secondary_ip_range": [],
            "self_link": "https://www.googleapis.com/compute/v1/projects/livepersonassignment/regions/europe-north1/subnetworks/livepersonassignment-subnet",
            "stack_type": "IPV4_ONLY",
            "timeouts": null
          },
          "sensitive_attributes": [],
          "private": "eyJlMmJmYjczMC1lY2FhLTExZTYtOGY4OC0zNDM2M2JjN2M0YzAiOnsiY3JlYXRlIjozNjAwMDAwMDAwMDAsImRlbGV0ZSI6MzYwMDAwMDAwMDAwLCJ1cGRhdGUiOjM2MDAwMDAwMDAwMH19",
          "dependencies": [
            "google_compute_network.vpc"
          ]
        }
      ]
    },
    {
      "mode": "managed",
      "type": "google_container_cluster",
      "name": "primary",
      "provider": "provider[\"registry.terraform.io/hashicorp/google\"]",
      "instances": [
        {
          "schema_version": 1,
          "attributes": {
            "addons_config": [
              {
                "cloudrun_config": [],
                "horizontal_pod_autoscaling": [],
                "http_load_balancing": [],
                "network_policy_config": [
                  {
                    "disabled": true
                  }
                ]
              }
            ],
            "authenticator_groups_config": [],
            "cluster_autoscaling": [
              {
                "auto_provisioning_defaults": [],
                "enabled": false,
                "resource_limits": []
              }
            ],
            "cluster_ipv4_cidr": "10.48.0.0/14",
            "confidential_nodes": [],
            "database_encryption": [
              {
                "key_name": "",
                "state": "DECRYPTED"
              }
            ],
            "datapath_provider": "",
            "default_max_pods_per_node": 110,
            "default_snat_status": [
              {
                "disabled": false
              }
            ],
            "description": "",
            "enable_autopilot": false,
            "enable_binary_authorization": false,
            "enable_intranode_visibility": false,
            "enable_kubernetes_alpha": false,
            "enable_legacy_abac": false,
            "enable_shielded_nodes": true,
            "enable_tpu": false,
            "endpoint": "35.228.180.147",
            "id": "projects/livepersonassignment/locations/europe-north1/clusters/livepersonassignment-gke",
            "initial_node_count": 1,
            "ip_allocation_policy": [
              {
                "cluster_ipv4_cidr_block": "10.48.0.0/14",
                "cluster_secondary_range_name": "gke-livepersonassignment-gke-pods-0d191c88",
                "services_ipv4_cidr_block": "10.52.0.0/20",
                "services_secondary_range_name": "gke-livepersonassignment-gke-services-0d191c88"
              }
            ],
            "label_fingerprint": "a9dc16a7",
            "location": "europe-north1",
            "logging_config": [
              {
                "enable_components": [
                  "SYSTEM_COMPONENTS",
                  "WORKLOADS"
                ]
              }
            ],
            "logging_service": "logging.googleapis.com/kubernetes",
            "maintenance_policy": [],
            "master_auth": [
              {
                "client_certificate": "",
                "client_certificate_config": [
                  {
                    "issue_client_certificate": false
                  }
                ],
                "client_key": "",
                "cluster_ca_certificate": "LS0tLS1CRUdJTiBDRVJUSUZJQ0FURS0tLS0tCk1JSUVMRENDQXBTZ0F3SUJBZ0lRVlVkQlVIcEFMZ25wbk9aVElTeEtYakFOQmdrcWhraUc5dzBCQVFzRkFEQXYKTVMwd0t3WURWUVFERXlRNVlqQXpPV1UxWVMwMll6WXhMVFJpWkRjdFltSXdZaTAyTWpoaE9UQTNOalpqWkRndwpJQmNOTWpFeE1USXlNVGd3TVRFeFdoZ1BNakExTVRFeE1UVXhPVEF4TVRGYU1DOHhMVEFyQmdOVkJBTVRKRGxpCk1ETTVaVFZoTFRaak5qRXROR0prTnkxaVlqQmlMVFl5T0dFNU1EYzJObU5rT0RDQ0FhSXdEUVlKS29aSWh2Y04KQVFFQkJRQURnZ0dQQURDQ0FZb0NnZ0dCQU9pSjNOSzdReXJrNEhvMDI2OUtLcXZ1QWpWOG9FR2JsdmVIalJ1SApBQUJOOERkVURKNm1PZVI2U1JkSkk4TlVSVURVVUFhTG1saWxYUDc3VGdMZkY3L28zWW91OXYzUnJxWnJobzlLCkZROEI5eUZKTWl2QnVPaThNK1V0MSt6Ry80VEVNVTl5ZnE1bDNBM1VLWGNNeGxtTXJIS0FXclo0YkgwTFZUS00KMng3S0MxT05OWFRlVTEybTRIYkJaclZEMWM0UVhEVmFKMDB0b3ppRlRsYWd1aFQ4MUNnaTlQK3oyUVZhZjYxVgorVFkzSmo0K3lacHZiS3J6c281azU1VnlwQSswb1picEE2bWwyUFMwUW5IVE43dUVVZWErU3NlRkpyTC8zM3huCldEL3p0SUhGa0tpaHVGUUpLc0NqOFI4dXFyTkxTR2RkVkRuNEkwUGlhcUxUZDdEd0c1Q1ZheWZXL2M4K014ZU4KeGZuTGtFU3BLaUhybnN2eUY2OVNGTDd6bnFIZUZQbHVtdmFBc0ZtV212eENCUXZqcnBxMmpVVXYxUjVwUHRNZgp1ZlMyK3JwdzNWLy9hZHBQQnVRa29BQlZEbzhsMnlSdE8vbzgwdnhKbGd5ZmFxVGIzOENSRlZNQWJRY0laSkc3ClJlU3Rpb3dETCt5WWJTelZvclE3MitHMExRSURBUUFCbzBJd1FEQU9CZ05WSFE4QkFmOEVCQU1DQWdRd0R3WUQKVlIwVEFRSC9CQVV3QXdFQi96QWRCZ05WSFE0RUZnUVVZNnVDeTdiekorTXhQNTdKdzZTL09oRUZOQTB3RFFZSgpLb1pJaHZjTkFRRUxCUUFEZ2dHQkFDM2pTUDl1bjdaQUNabElBUkNnbGwyRHZ6ZEsyMVUvN1FkUlE0WDlzVDdSCnYvcW5weXlZbmliNGZkQmpEbXVFbEtab3Q2RldsSE1nemhNbmdPL2lhUkErUlZ1Q0h5ZGg5aW44MlVCdEdyeXIKV1oxTk1VOVhIV0VyK3dvWU11R2RxNDZEZTVhbWtpY1QvU3lDdkhWdnRmTGVvSlhwZ3JSUzNGaHk4M01aU3NnMAozaXVhUkJpeUJKUHlNSjkzK3NTRC80bVFXVXFFdEJUZFFHUVFzKzJzS3dhOXJ4ajIvYjZGRVcyamxFM1ErNnZTCnZsM0ZHbHJMWVZqdC9pbmxsNlB4a09FUnJ5SU1kY0hrVmRkVmtTeUUvT1VWTVZhWlBLNHlKWmR2dGtVZnRtd2sKWENaYlMyY3NySys1Rmk2bEZkRFB1Y0xTMkN0c2xEWGdsb3o5QU5pcWI2RHhCdnRXdE9RZWtuaXRsQ3dDbjJLdApUVWNvSHVnY3BBb0pTOGtoSUNTUkxQYnozblBBbUtDcFdJakZqcVg3ZU81cVZjeWV5YWRtVG81OTAwV1l2aGpQCkYxMXVKLzBWTS9SSWFUcDFGS203ZXQ4bmpYTmdhNGdnNXFKQmdWOVE3WGtXeFQrK2ZBU0ZBanpzc3FyK3ZlZHQKOWZESXNlTjIwbkdia3l2eG4vYzZuQT09Ci0tLS0tRU5EIENFUlRJRklDQVRFLS0tLS0K"
              }
            ],
            "master_authorized_networks_config": [],
            "master_version": "1.21.5-gke.1302",
            "min_master_version": null,
            "monitoring_config": [
              {
                "enable_components": [
                  "SYSTEM_COMPONENTS"
                ]
              }
            ],
            "monitoring_service": "monitoring.googleapis.com/kubernetes",
            "name": "livepersonassignment-gke",
            "network": "projects/livepersonassignment/global/networks/livepersonassignment-vpc",
            "network_policy": [
              {
                "enabled": false,
                "provider": "PROVIDER_UNSPECIFIED"
              }
            ],
            "networking_mode": "VPC_NATIVE",
            "node_config": [],
            "node_locations": [
              "europe-north1-a",
              "europe-north1-b",
              "europe-north1-c"
            ],
            "node_pool": [],
            "node_version": "1.21.5-gke.1302",
            "operation": null,
            "private_cluster_config": [],
            "private_ipv6_google_access": "",
            "project": "livepersonassignment",
            "release_channel": [
              {
                "channel": "REGULAR"
              }
            ],
            "remove_default_node_pool": true,
            "resource_labels": null,
            "resource_usage_export_config": [],
            "self_link": "https://container.googleapis.com/v1/projects/livepersonassignment/locations/europe-north1/clusters/livepersonassignment-gke",
            "services_ipv4_cidr": "10.52.0.0/20",
            "subnetwork": "projects/livepersonassignment/regions/europe-north1/subnetworks/livepersonassignment-subnet",
            "timeouts": null,
            "tpu_ipv4_cidr_block": "",
            "vertical_pod_autoscaling": [],
            "workload_identity_config": []
          },
          "sensitive_attributes": [],
          "private": "eyJlMmJmYjczMC1lY2FhLTExZTYtOGY4OC0zNDM2M2JjN2M0YzAiOnsiY3JlYXRlIjoyNDAwMDAwMDAwMDAwLCJkZWxldGUiOjI0MDAwMDAwMDAwMDAsInJlYWQiOjI0MDAwMDAwMDAwMDAsInVwZGF0ZSI6MzYwMDAwMDAwMDAwMH0sInNjaGVtYV92ZXJzaW9uIjoiMSJ9",
          "dependencies": [
            "google_compute_network.vpc",
            "google_compute_subnetwork.subnet"
          ]
        }
      ]
    },
    {
      "mode": "managed",
      "type": "google_container_node_pool",
      "name": "primary_nodes",
      "provider": "provider[\"registry.terraform.io/hashicorp/google\"]",
      "instances": [
        {
          "schema_version": 1,
          "attributes": {
            "autoscaling": [],
            "cluster": "livepersonassignment-gke",
            "id": "projects/livepersonassignment/locations/europe-north1/clusters/livepersonassignment-gke/nodePools/livepersonassignment-gke-node-pool",
            "initial_node_count": 1,
            "instance_group_urls": [
              "https://www.googleapis.com/compute/v1/projects/livepersonassignment/zones/europe-north1-b/instanceGroupManagers/gke-livepersonassign-livepersonassign-9f37d78e-grp",
              "https://www.googleapis.com/compute/v1/projects/livepersonassignment/zones/europe-north1-c/instanceGroupManagers/gke-livepersonassign-livepersonassign-581798bc-grp",
              "https://www.googleapis.com/compute/v1/projects/livepersonassignment/zones/europe-north1-a/instanceGroupManagers/gke-livepersonassign-livepersonassign-c2dd00dd-grp"
            ],
            "location": "europe-north1",
            "managed_instance_group_urls": [
              "https://www.googleapis.com/compute/v1/projects/livepersonassignment/zones/europe-north1-b/instanceGroups/gke-livepersonassign-livepersonassign-9f37d78e-grp",
              "https://www.googleapis.com/compute/v1/projects/livepersonassignment/zones/europe-north1-c/instanceGroups/gke-livepersonassign-livepersonassign-581798bc-grp",
              "https://www.googleapis.com/compute/v1/projects/livepersonassignment/zones/europe-north1-a/instanceGroups/gke-livepersonassign-livepersonassign-c2dd00dd-grp"
            ],
            "management": [
              {
                "auto_repair": true,
                "auto_upgrade": true
              }
            ],
            "max_pods_per_node": 110,
            "name": "livepersonassignment-gke-node-pool",
            "name_prefix": "",
            "node_config": [
              {
                "disk_size_gb": 100,
                "disk_type": "pd-standard",
                "gcfs_config": [],
                "guest_accelerator": [],
                "image_type": "COS_CONTAINERD",
                "labels": {
                  "env": "livepersonassignment"
                },
                "local_ssd_count": 0,
                "machine_type": "n1-standard-1",
                "metadata": {
                  "disable-legacy-endpoints": "true"
                },
                "min_cpu_platform": "",
                "oauth_scopes": [
                  "https://www.googleapis.com/auth/logging.write",
                  "https://www.googleapis.com/auth/monitoring"
                ],
                "preemptible": false,
                "service_account": "default",
                "shielded_instance_config": [
                  {
                    "enable_integrity_monitoring": true,
                    "enable_secure_boot": false
                  }
                ],
                "tags": [
                  "gke-node",
                  "livepersonassignment-gke"
                ],
                "taint": [],
                "workload_metadata_config": []
              }
            ],
            "node_count": 1,
            "node_locations": [
              "europe-north1-a",
              "europe-north1-b",
              "europe-north1-c"
            ],
            "operation": null,
            "project": "livepersonassignment",
            "timeouts": null,
            "upgrade_settings": [
              {
                "max_surge": 1,
                "max_unavailable": 0
              }
            ],
            "version": "1.21.5-gke.1302"
          },
          "sensitive_attributes": [],
          "private": "eyJlMmJmYjczMC1lY2FhLTExZTYtOGY4OC0zNDM2M2JjN2M0YzAiOnsiY3JlYXRlIjoxODAwMDAwMDAwMDAwLCJkZWxldGUiOjE4MDAwMDAwMDAwMDAsInVwZGF0ZSI6MTgwMDAwMDAwMDAwMH0sInNjaGVtYV92ZXJzaW9uIjoiMSJ9",
          "dependencies": [
            "google_compute_network.vpc",
            "google_compute_subnetwork.subnet",
            "google_container_cluster.primary"
          ]
        }
      ]
    }
  ]
}
